
Microsoft Visual Studio Solution File, Format Version 12.00
# Visual Studio Version 17
VisualStudioVersion = 17.4.33103.184
MinimumVisualStudioVersion = 10.0.40219.1
Project("{FAE04EC0-301F-11D3-BF4B-00C04F79EFBC}") = "TestParks", "TestParks\TestParks.csproj", "{23F5C243-9159-425A-A767-4966CDF9FE28}"
EndProject
Global
	GlobalSection(SolutionConfigurationPlatforms) = preSolution
		Debug|Any CPU = Debug|Any CPU
		Release|Any CPU = Release|Any CPU
	EndGlobalSection
	GlobalSection(ProjectConfigurationPlatforms) = postSolution
		{23F5C243-9159-425A-A767-4966CDF9FE28}.Debug|Any CPU.ActiveCfg = Debug|Any CPU
		{23F5C243-9159-425A-A767-4966CDF9FE28}.Debug|Any CPU.Build.0 = Debug|Any CPU
		{23F5C243-9159-425A-A767-4966CDF9FE28}.Release|Any CPU.ActiveCfg = Release|Any CPU
		{23F5C243-9159-425A-A767-4966CDF9FE28}.Release|Any CPU.Build.0 = Release|Any CPU
	EndGlobalSection
	GlobalSection(SolutionProperties) = preSolution
		HideSolutionNode = FALSE
	EndGlobalSection
	GlobalSection(ExtensibilityGlobals) = postSolution
		SolutionGuid = {2DF713F3-9DBF-4AE2-AB1F-4DD89E9BC7D2}
	EndGlobalSection
EndGlobal
